
Microsoft Visual Studio Solution File, Format Version 12.00
# Visual Studio Version 16
VisualStudioVersion = 16.0.31605.320
MinimumVisualStudioVersion = 10.0.40219.1
Project("{FAE04EC0-301F-11D3-BF4B-00C04F79EFBC}") = "MyProject", "MyProject\MyProject.csproj", "{AD580FCC-6383-4CF5-A7A1-8EC18180545C}"
EndProject
Global
	GlobalSection(SolutionConfigurationPlatforms) = preSolution
		Debug|Any CPU = Debug|Any CPU
		Release|Any CPU = Release|Any CPU
	EndGlobalSection
	GlobalSection(ProjectConfigurationPlatforms) = postSolution
		{AD580FCC-6383-4CF5-A7A1-8EC18180545C}.Debug|Any CPU.ActiveCfg = Debug|Any CPU
		{AD580FCC-6383-4CF5-A7A1-8EC18180545C}.Debug|Any CPU.Build.0 = Debug|Any CPU
		{AD580FCC-6383-4CF5-A7A1-8EC18180545C}.Release|Any CPU.ActiveCfg = Release|Any CPU
		{AD580FCC-6383-4CF5-A7A1-8EC18180545C}.Release|Any CPU.Build.0 = Release|Any CPU
	EndGlobalSection
	GlobalSection(SolutionProperties) = preSolution
		HideSolutionNode = FALSE
	EndGlobalSection
	GlobalSection(ExtensibilityGlobals) = postSolution
		SolutionGuid = {002DE007-3EE3-4F22-B86D-933DB539CAA0}
	EndGlobalSection
EndGlobal
